
Microsoft Visual Studio Solution File, Format Version 12.00
# Visual Studio Version 17
VisualStudioVersion = 17.0.31903.59
MinimumVisualStudioVersion = 10.0.40219.1
Project("{FAE04EC0-301F-11D3-BF4B-00C04F79EFBC}") = "Foredrag", "Foredrag\Foredrag.csproj", "{B923EAC6-3442-4EC4-8077-7517CA6B7A87}"
EndProject
Global
	GlobalSection(SolutionConfigurationPlatforms) = preSolution
		Debug|Any CPU = Debug|Any CPU
		Release|Any CPU = Release|Any CPU
	EndGlobalSection
	GlobalSection(ProjectConfigurationPlatforms) = postSolution
		{B923EAC6-3442-4EC4-8077-7517CA6B7A87}.Debug|Any CPU.ActiveCfg = Debug|Any CPU
		{B923EAC6-3442-4EC4-8077-7517CA6B7A87}.Debug|Any CPU.Build.0 = Debug|Any CPU
		{B923EAC6-3442-4EC4-8077-7517CA6B7A87}.Release|Any CPU.ActiveCfg = Release|Any CPU
		{B923EAC6-3442-4EC4-8077-7517CA6B7A87}.Release|Any CPU.Build.0 = Release|Any CPU
	EndGlobalSection
	GlobalSection(SolutionProperties) = preSolution
		HideSolutionNode = FALSE
	EndGlobalSection
	GlobalSection(ExtensibilityGlobals) = postSolution
		SolutionGuid = {5A1D4B97-BE6F-4FE0-8AC9-E2F87675FA7B}
	EndGlobalSection
EndGlobal
